
Microsoft Visual Studio Solution File, Format Version 12.00
# Visual Studio Version 17
VisualStudioVersion = 17.13.35825.156 d17.13
MinimumVisualStudioVersion = 10.0.40219.1
Project("{FAE04EC0-301F-11D3-BF4B-00C04F79EFBC}") = "ClubeDaLeitura2.ConsoleApp", "ClubeDaLeitura2.ConsoleApp\ClubeDaLeitura2.ConsoleApp.csproj", "{324B29BD-B610-4BEE-88C6-C807DE758911}"
EndProject
Global
	GlobalSection(SolutionConfigurationPlatforms) = preSolution
		Debug|Any CPU = Debug|Any CPU
		Release|Any CPU = Release|Any CPU
	EndGlobalSection
	GlobalSection(ProjectConfigurationPlatforms) = postSolution
		{324B29BD-B610-4BEE-88C6-C807DE758911}.Debug|Any CPU.ActiveCfg = Debug|Any CPU
		{324B29BD-B610-4BEE-88C6-C807DE758911}.Debug|Any CPU.Build.0 = Debug|Any CPU
		{324B29BD-B610-4BEE-88C6-C807DE758911}.Release|Any CPU.ActiveCfg = Release|Any CPU
		{324B29BD-B610-4BEE-88C6-C807DE758911}.Release|Any CPU.Build.0 = Release|Any CPU
	EndGlobalSection
	GlobalSection(SolutionProperties) = preSolution
		HideSolutionNode = FALSE
	EndGlobalSection
	GlobalSection(ExtensibilityGlobals) = postSolution
		SolutionGuid = {D7DDBCDE-1718-4483-ADC1-548DFADC528F}
	EndGlobalSection
EndGlobal
